# THIS IS AN AUTOGENERATED FILE. DO NOT EDIT THIS FILE DIRECTLY.
# yarn lockfile v1


lix@^15.10.1:
  version "15.10.1"
  resolved "https://registry.yarnpkg.com/lix/-/lix-15.10.1.tgz#69392b46f4f4538206cda1090602a8c4d8959aa2"
  integrity sha512-UZX+p4i+2ZSEyI6p2Yu1sfC0pRRFnFHDpNQ2+FqhxmBG8cCiHZkj+I8FqCK4AUuQ/VOPE/bK69JbWez+OG3zaA==
